
Microsoft Visual Studio Solution File, Format Version 12.00
# Visual Studio Version 16
VisualStudioVersion = 16.0.28922.388
MinimumVisualStudioVersion = 10.0.40219.1
Project("{FAE04EC0-301F-11D3-BF4B-00C04F79EFBC}") = "ConnectedDBWpfApp", "ConnectedDBWpfApp\ConnectedDBWpfApp.csproj", "{5F358D9B-C4F3-40BA-A647-68C7EDFB208A}"
EndProject
Global
	GlobalSection(SolutionConfigurationPlatforms) = preSolution
		Debug|Any CPU = Debug|Any CPU
		Release|Any CPU = Release|Any CPU
	EndGlobalSection
	GlobalSection(ProjectConfigurationPlatforms) = postSolution
		{5F358D9B-C4F3-40BA-A647-68C7EDFB208A}.Debug|Any CPU.ActiveCfg = Debug|Any CPU
		{5F358D9B-C4F3-40BA-A647-68C7EDFB208A}.Debug|Any CPU.Build.0 = Debug|Any CPU
		{5F358D9B-C4F3-40BA-A647-68C7EDFB208A}.Release|Any CPU.ActiveCfg = Release|Any CPU
		{5F358D9B-C4F3-40BA-A647-68C7EDFB208A}.Release|Any CPU.Build.0 = Release|Any CPU
	EndGlobalSection
	GlobalSection(SolutionProperties) = preSolution
		HideSolutionNode = FALSE
	EndGlobalSection
	GlobalSection(ExtensibilityGlobals) = postSolution
		SolutionGuid = {23D38F01-3BDE-407A-8F4D-A8F521BE0BF8}
	EndGlobalSection
EndGlobal
