
Microsoft Visual Studio Solution File, Format Version 12.00
# Visual Studio Version 16
VisualStudioVersion = 16.0.28922.388
MinimumVisualStudioVersion = 10.0.40219.1
Project("{FAE04EC0-301F-11D3-BF4B-00C04F79EFBC}") = "DotNet35FSol", "DotNet35FSol\DotNet35FSol.csproj", "{6F156013-C89D-45E3-9037-D17D9347D379}"
EndProject
Project("{FAE04EC0-301F-11D3-BF4B-00C04F79EFBC}") = "LINQToSQLConApp", "LINQToSQLConApp\LINQToSQLConApp.csproj", "{40A0CDB0-E534-4FB8-BEFE-EEA35A332B0F}"
EndProject
Project("{FAE04EC0-301F-11D3-BF4B-00C04F79EFBC}") = "LINKToSQLORConApp", "LINKToSQLORConApp\LINKToSQLORConApp.csproj", "{5FE41519-DD1B-46ED-B8ED-5E0E6A1CA5CF}"
EndProject
Global
	GlobalSection(SolutionConfigurationPlatforms) = preSolution
		Debug|Any CPU = Debug|Any CPU
		Release|Any CPU = Release|Any CPU
	EndGlobalSection
	GlobalSection(ProjectConfigurationPlatforms) = postSolution
		{6F156013-C89D-45E3-9037-D17D9347D379}.Debug|Any CPU.ActiveCfg = Debug|Any CPU
		{6F156013-C89D-45E3-9037-D17D9347D379}.Debug|Any CPU.Build.0 = Debug|Any CPU
		{6F156013-C89D-45E3-9037-D17D9347D379}.Release|Any CPU.ActiveCfg = Release|Any CPU
		{6F156013-C89D-45E3-9037-D17D9347D379}.Release|Any CPU.Build.0 = Release|Any CPU
		{40A0CDB0-E534-4FB8-BEFE-EEA35A332B0F}.Debug|Any CPU.ActiveCfg = Debug|Any CPU
		{40A0CDB0-E534-4FB8-BEFE-EEA35A332B0F}.Debug|Any CPU.Build.0 = Debug|Any CPU
		{40A0CDB0-E534-4FB8-BEFE-EEA35A332B0F}.Release|Any CPU.ActiveCfg = Release|Any CPU
		{40A0CDB0-E534-4FB8-BEFE-EEA35A332B0F}.Release|Any CPU.Build.0 = Release|Any CPU
		{5FE41519-DD1B-46ED-B8ED-5E0E6A1CA5CF}.Debug|Any CPU.ActiveCfg = Debug|Any CPU
		{5FE41519-DD1B-46ED-B8ED-5E0E6A1CA5CF}.Debug|Any CPU.Build.0 = Debug|Any CPU
		{5FE41519-DD1B-46ED-B8ED-5E0E6A1CA5CF}.Release|Any CPU.ActiveCfg = Release|Any CPU
		{5FE41519-DD1B-46ED-B8ED-5E0E6A1CA5CF}.Release|Any CPU.Build.0 = Release|Any CPU
	EndGlobalSection
	GlobalSection(SolutionProperties) = preSolution
		HideSolutionNode = FALSE
	EndGlobalSection
	GlobalSection(ExtensibilityGlobals) = postSolution
		SolutionGuid = {DD667BC6-FAD8-4FFE-B0C2-8E984327148C}
	EndGlobalSection
EndGlobal
